
Microsoft Visual Studio Solution File, Format Version 12.00
# Visual Studio Version 17
VisualStudioVersion = 17.14.36603.0 d17.14
MinimumVisualStudioVersion = 10.0.40219.1
Project("{FAE04EC0-301F-11D3-BF4B-00C04F79EFBC}") = "ControleDeFuncionarios", "ControleDeFuncionarios\ControleDeFuncionarios.csproj", "{4248E308-7812-46F5-8DD9-DBF89CA11C8A}"
EndProject
Global
	GlobalSection(SolutionConfigurationPlatforms) = preSolution
		Debug|Any CPU = Debug|Any CPU
		Release|Any CPU = Release|Any CPU
	EndGlobalSection
	GlobalSection(ProjectConfigurationPlatforms) = postSolution
		{4248E308-7812-46F5-8DD9-DBF89CA11C8A}.Debug|Any CPU.ActiveCfg = Debug|Any CPU
		{4248E308-7812-46F5-8DD9-DBF89CA11C8A}.Debug|Any CPU.Build.0 = Debug|Any CPU
		{4248E308-7812-46F5-8DD9-DBF89CA11C8A}.Release|Any CPU.ActiveCfg = Release|Any CPU
		{4248E308-7812-46F5-8DD9-DBF89CA11C8A}.Release|Any CPU.Build.0 = Release|Any CPU
	EndGlobalSection
	GlobalSection(SolutionProperties) = preSolution
		HideSolutionNode = FALSE
	EndGlobalSection
	GlobalSection(ExtensibilityGlobals) = postSolution
		SolutionGuid = {80FF3F12-1DDE-414D-AE3F-628B6CCBDD14}
	EndGlobalSection
EndGlobal
